# This file was autogenerated by Stack.
# You should not edit this file by hand.
# For more information, please see the documentation at:
#   https://docs.haskellstack.org/en/stable/lock_files

packages:
- completed:
    size: 7742
    url: https://github.com/yannick-cw/notion-api/archive/aa0635802c481ae2c1776697d7fda6e42ee8d097.tar.gz
    cabal-file:
      size: 2327
      sha256: 11b73e8c670915eb072c00b65662150c0fa5fb3b880a085f05482aff6222f232
    name: notion-api
    version: 0.0.1
    sha256: 33fb79482929800e9b11dbf691b65fd07dd078340f060a3f18f9eef7dd25629d
    pantry-tree:
      size: 749
      sha256: 01f7156c06f9283fe4b4be472181e0b6594d698b3bb9aa2aaace838042392798
  original:
    url: https://github.com/yannick-cw/notion-api/archive/aa0635802c481ae2c1776697d7fda6e42ee8d097.tar.gz
snapshots:
- completed:
    size: 545658
    url: https://raw.githubusercontent.com/commercialhaskell/stackage-snapshots/master/lts/14/12.yaml
    sha256: 26b807457213126d26b595439d705dc824dbb7618b0de6b900adc2bf6a059406
  original: lts-14.12
